
Microsoft Visual Studio Solution File, Format Version 12.00
# Visual Studio Version 17
VisualStudioVersion = 17.0.32112.339
MinimumVisualStudioVersion = 10.0.40219.1
Project("{FAE04EC0-301F-11D3-BF4B-00C04F79EFBC}") = "Assignment 1", "Assignment 1\Assignment 1.csproj", "{BB571C9F-209E-4138-B599-5A4D38A6BDBE}"
EndProject
Global
	GlobalSection(SolutionConfigurationPlatforms) = preSolution
		Debug|Any CPU = Debug|Any CPU
		Release|Any CPU = Release|Any CPU
	EndGlobalSection
	GlobalSection(ProjectConfigurationPlatforms) = postSolution
		{BB571C9F-209E-4138-B599-5A4D38A6BDBE}.Debug|Any CPU.ActiveCfg = Debug|Any CPU
		{BB571C9F-209E-4138-B599-5A4D38A6BDBE}.Debug|Any CPU.Build.0 = Debug|Any CPU
		{BB571C9F-209E-4138-B599-5A4D38A6BDBE}.Release|Any CPU.ActiveCfg = Release|Any CPU
		{BB571C9F-209E-4138-B599-5A4D38A6BDBE}.Release|Any CPU.Build.0 = Release|Any CPU
	EndGlobalSection
	GlobalSection(SolutionProperties) = preSolution
		HideSolutionNode = FALSE
	EndGlobalSection
	GlobalSection(ExtensibilityGlobals) = postSolution
		SolutionGuid = {AF062896-EC24-428E-A2C6-FE41CF1DCC07}
	EndGlobalSection
EndGlobal
